{
  "requires": true,
  "lockfileVersion": 1,
  "dependencies": {
    "hamburger-react": {
      "version": "2.4.1",
      "resolved": "https://registry.npmjs.org/hamburger-react/-/hamburger-react-2.4.1.tgz",
      "integrity": "sha512-oqG9CrTVi8wM/dyQQh3JJOOfEiol9ChLOqwtjx+hFyRu0nYfe2ymNmzi2wtfQTDyExUdqETdyACZV9KZ9wpApA=="
    },
    "react-icons": {
      "version": "4.3.1",
      "resolved": "https://registry.npmjs.org/react-icons/-/react-icons-4.3.1.tgz",
      "integrity": "sha512-cB10MXLTs3gVuXimblAdI71jrJx8njrJZmNMEMC+sQu5B/BIOmlsAjskdqpn81y8UBVEGuHODd7/ci5DvoSzTQ==",
      "dev": true
    }
  }
}
